
Microsoft Visual Studio Solution File, Format Version 12.00
# Visual Studio Version 17
VisualStudioVersion = 17.0.32112.339
MinimumVisualStudioVersion = 10.0.40219.1
Project("{9A19103F-16F7-4668-BE54-9A1E7A4F7556}") = "BlazorJwtAuth.Server", "Server\BlazorJwtAuth.Server.csproj", "{A60B33FB-687F-45F6-8320-919FA9665B84}"
EndProject
Project("{9A19103F-16F7-4668-BE54-9A1E7A4F7556}") = "BlazorJwtAuth.Client", "Client\BlazorJwtAuth.Client.csproj", "{D6349B02-BFAF-48C2-BFEC-2F157D6EE718}"
EndProject
Project("{9A19103F-16F7-4668-BE54-9A1E7A4F7556}") = "BlazorJwtAuth.Shared", "Shared\BlazorJwtAuth.Shared.csproj", "{87FD7611-BA1F-4CA0-BCE4-A5FCE217A674}"
EndProject
Global
	GlobalSection(SolutionConfigurationPlatforms) = preSolution
		Debug|Any CPU = Debug|Any CPU
		Release|Any CPU = Release|Any CPU
	EndGlobalSection
	GlobalSection(ProjectConfigurationPlatforms) = postSolution
		{A60B33FB-687F-45F6-8320-919FA9665B84}.Debug|Any CPU.ActiveCfg = Debug|Any CPU
		{A60B33FB-687F-45F6-8320-919FA9665B84}.Debug|Any CPU.Build.0 = Debug|Any CPU
		{A60B33FB-687F-45F6-8320-919FA9665B84}.Release|Any CPU.ActiveCfg = Release|Any CPU
		{A60B33FB-687F-45F6-8320-919FA9665B84}.Release|Any CPU.Build.0 = Release|Any CPU
		{D6349B02-BFAF-48C2-BFEC-2F157D6EE718}.Debug|Any CPU.ActiveCfg = Debug|Any CPU
		{D6349B02-BFAF-48C2-BFEC-2F157D6EE718}.Debug|Any CPU.Build.0 = Debug|Any CPU
		{D6349B02-BFAF-48C2-BFEC-2F157D6EE718}.Release|Any CPU.ActiveCfg = Release|Any CPU
		{D6349B02-BFAF-48C2-BFEC-2F157D6EE718}.Release|Any CPU.Build.0 = Release|Any CPU
		{87FD7611-BA1F-4CA0-BCE4-A5FCE217A674}.Debug|Any CPU.ActiveCfg = Debug|Any CPU
		{87FD7611-BA1F-4CA0-BCE4-A5FCE217A674}.Debug|Any CPU.Build.0 = Debug|Any CPU
		{87FD7611-BA1F-4CA0-BCE4-A5FCE217A674}.Release|Any CPU.ActiveCfg = Release|Any CPU
		{87FD7611-BA1F-4CA0-BCE4-A5FCE217A674}.Release|Any CPU.Build.0 = Release|Any CPU
	EndGlobalSection
	GlobalSection(SolutionProperties) = preSolution
		HideSolutionNode = FALSE
	EndGlobalSection
	GlobalSection(ExtensibilityGlobals) = postSolution
		SolutionGuid = {577C905B-AE7E-4003-8299-1039141FE600}
	EndGlobalSection
EndGlobal
